version = 1
requires-python = ">=3.11"

[[package]]
name = "cytoolz"
version = "1.0.1"
source = { registry = "https://pypi.org/simple" }
dependencies = [
    { name = "toolz" },
]
sdist = { url = "https://files.pythonhosted.org/packages/a7/f9/3243eed3a6545c2a33a21f74f655e3fcb5d2192613cd3db81a93369eb339/cytoolz-1.0.1.tar.gz", hash = "sha256:89cc3161b89e1bb3ed7636f74ed2e55984fd35516904fc878cae216e42b2c7d6", size = 626652 }
wheels = [
    { url = "https://files.pythonhosted.org/packages/dc/ea/8131ae39119820b8867cddc23716fa9f681f2b3bbce6f693e68dfb36b55b/cytoolz-1.0.1-cp311-cp311-macosx_10_9_x86_64.whl", hash = "sha256:2d958d4f04d9d7018e5c1850790d9d8e68b31c9a2deebca74b903706fdddd2b6", size = 406162 },
    { url = "https://files.pythonhosted.org/packages/26/18/3d9bd4c146f6ea6e51300c242b20cb416966b21d481dac230e1304f1e54b/cytoolz-1.0.1-cp311-cp311-macosx_11_0_arm64.whl", hash = "sha256:0f445b8b731fc0ecb1865b8e68a070084eb95d735d04f5b6c851db2daf3048ab", size = 384961 },
    { url = "https://files.pythonhosted.org/packages/e4/73/9034827907c7f85c7c484c9494e905d022fb8174526004e9ef332570349e/cytoolz-1.0.1-cp311-cp311-manylinux_2_17_aarch64.manylinux2014_aarch64.whl", hash = "sha256:1f546a96460a7e28eb2ec439f4664fa646c9b3e51c6ebad9a59d3922bbe65e30", size = 2091698 },
    { url = "https://files.pythonhosted.org/packages/74/af/d5c2733b0fde1a08254ff1a8a8d567874040c9eb1606363cfebc0713c73f/cytoolz-1.0.1-cp311-cp311-manylinux_2_17_ppc64le.manylinux2014_ppc64le.whl", hash = "sha256:0317681dd065532d21836f860b0563b199ee716f55d0c1f10de3ce7100c78a3b", size = 2188452 },
    { url = "https://files.pythonhosted.org/packages/6a/bb/77c71fa9c217260b4056a732d754748903423c2cdd82a673d6064741e375/cytoolz-1.0.1-cp311-cp311-manylinux_2_17_s390x.manylinux2014_s390x.whl", hash = "sha256:0c0ef52febd5a7821a3fd8d10f21d460d1a3d2992f724ba9c91fbd7a96745d41", size = 2174203 },
    { url = "https://files.pythonhosted.org/packages/fc/a9/a5b4a3ff5d22faa1b60293bfe97362e2caf4a830c26d37ab5557f60d04b2/cytoolz-1.0.1-cp311-cp311-manylinux_2_17_x86_64.manylinux2014_x86_64.whl", hash = "sha256:f5ebaf419acf2de73b643cf96108702b8aef8e825cf4f63209ceb078d5fbbbfd", size = 2099831 },
    { url = "https://files.pythonhosted.org/packages/35/08/7f6869ea1ff31ce5289a7d58d0e7090acfe7058baa2764473048ff61ea3c/cytoolz-1.0.1-cp311-cp311-manylinux_2_5_i686.manylinux1_i686.manylinux_2_17_i686.manylinux2014_i686.whl", hash = "sha256:5f7f04eeb4088947585c92d6185a618b25ad4a0f8f66ea30c8db83cf94a425e3", size = 1996744 },
    { url = "https://files.pythonhosted.org/packages/46/b4/9ac424c994b51763fd1bbed62d95f8fba8fa0e45c8c3c583904fdaf8f51d/cytoolz-1.0.1-cp311-cp311-musllinux_1_2_aarch64.whl", hash = "sha256:f61928803bb501c17914b82d457c6f50fe838b173fb40d39c38d5961185bd6c7", size = 2013733 },
    { url = "https://files.pythonhosted.org/packages/3e/99/03009765c4b87d742d5b5a8670abb56a8c7ede033c2cdaa4be8662d3b001/cytoolz-1.0.1-cp311-cp311-musllinux_1_2_i686.whl", hash = "sha256:d2960cb4fa01ccb985ad1280db41f90dc97a80b397af970a15d5a5de403c8c61", size = 1994850 },
    { url = "https://files.pythonhosted.org/packages/40/9a/8458af9a5557e177ea42f8cf7e477bede518b0bbef564e28c4151feaa52c/cytoolz-1.0.1-cp311-cp311-musllinux_1_2_ppc64le.whl", hash = "sha256:b2b407cc3e9defa8df5eb46644f6f136586f70ba49eba96f43de67b9a0984fd3", size = 2155352 },
    { url = "https://files.pythonhosted.org/packages/5e/5c/2a701423e001fcbec288b4f3fc2bf67557d114c2388237fc1ae67e1e2686/cytoolz-1.0.1-cp311-cp311-musllinux_1_2_s390x.whl", hash = "sha256:8245f929144d4d3bd7b972c9593300195c6cea246b81b4c46053c48b3f044580", size = 2163515 },
    { url = "https://files.pythonhosted.org/packages/36/16/ee2e06e65d9d533bc05cd52a0b355ba9072fc8f60d77289e529c6d2e3750/cytoolz-1.0.1-cp311-cp311-musllinux_1_2_x86_64.whl", hash = "sha256:e37385db03af65763933befe89fa70faf25301effc3b0485fec1c15d4ce4f052", size = 2054431 },
    { url = "https://files.pythonhosted.org/packages/d8/d5/2fac8315f210fa1bc7106e27c19e1211580aa25bb7fa17dfd79505e5baf2/cytoolz-1.0.1-cp311-cp311-win32.whl", hash = "sha256:50f9c530f83e3e574fc95c264c3350adde8145f4f8fc8099f65f00cc595e5ead", size = 322004 },
    { url = "https://files.pythonhosted.org/packages/a9/9e/0b70b641850a95f9ff90adde9d094a4b1d81ec54dadfd97fec0a2aaf440e/cytoolz-1.0.1-cp311-cp311-win_amd64.whl", hash = "sha256:b7f6b617454b4326af7bd3c7c49b0fc80767f134eb9fd6449917a058d17a0e3c", size = 365358 },
    { url = "https://files.pythonhosted.org/packages/d8/e8/218098344ed2cb5f8441fade9b2428e435e7073962374a9c71e59ac141a7/cytoolz-1.0.1-cp312-cp312-macosx_10_13_x86_64.whl", hash = "sha256:fcb8f7d0d65db1269022e7e0428471edee8c937bc288ebdcb72f13eaa67c2fe4", size = 414121 },
    { url = "https://files.pythonhosted.org/packages/de/27/4d729a5653718109262b758fec1a959aa9facb74c15460d9074dc76d6635/cytoolz-1.0.1-cp312-cp312-macosx_11_0_arm64.whl", hash = "sha256:207d4e4b445e087e65556196ff472ff134370d9a275d591724142e255f384662", size = 390904 },
    { url = "https://files.pythonhosted.org/packages/72/c0/cbabfa788bab9c6038953bf9478adaec06e88903a726946ea7c88092f5c4/cytoolz-1.0.1-cp312-cp312-manylinux_2_17_aarch64.manylinux2014_aarch64.whl", hash = "sha256:21cdf6bac6fd843f3b20280a66fd8df20dea4c58eb7214a2cd8957ec176f0bb3", size = 2090734 },
    { url = "https://files.pythonhosted.org/packages/c3/66/369262c60f9423c2da82a60864a259c852f1aa122aced4acd2c679af58c0/cytoolz-1.0.1-cp312-cp312-manylinux_2_17_ppc64le.manylinux2014_ppc64le.whl", hash = "sha256:4a55ec098036c0dea9f3bdc021f8acd9d105a945227d0811589f0573f21c9ce1", size = 2155933 },
    { url = "https://files.pythonhosted.org/packages/aa/4e/ee55186802f8d24b5fbf9a11405ccd1203b30eded07cc17750618219b94e/cytoolz-1.0.1-cp312-cp312-manylinux_2_17_s390x.manylinux2014_s390x.whl", hash = "sha256:a13ab79ff4ce202e03ab646a2134696988b554b6dc4b71451e948403db1331d8", size = 2171903 },
    { url = "https://files.pythonhosted.org/packages/a1/96/bd1a9f3396e9b7f618db8cd08d15630769ce3c8b7d0534f92cd639c977ae/cytoolz-1.0.1-cp312-cp312-manylinux_2_17_x86_64.manylinux2014_x86_64.whl", hash = "sha256:4e2d944799026e1ff08a83241f1027a2d9276c41f7a74224cd98b7df6e03957d", size = 2125270 },
    { url = "https://files.pythonhosted.org/packages/28/48/2a3762873091c88a69e161111cfbc6c222ff145d57ff011a642b169f04f1/cytoolz-1.0.1-cp312-cp312-manylinux_2_5_i686.manylinux1_i686.manylinux_2_17_i686.manylinux2014_i686.whl", hash = "sha256:88ba85834cd523b91fdf10325e1e6d71c798de36ea9bdc187ca7bd146420de6f", size = 1973967 },
    { url = "https://files.pythonhosted.org/packages/e4/50/500bd69774bdc49a4d78ec8779eb6ac7c1a9d706bfd91cf2a1dba604373a/cytoolz-1.0.1-cp312-cp312-musllinux_1_2_aarch64.whl", hash = "sha256:5a750b1af7e8bf6727f588940b690d69e25dc47cce5ce467925a76561317eaf7", size = 2021695 },
    { url = "https://files.pythonhosted.org/packages/e4/4e/ba5a0ce34869495eb50653de8d676847490cf13a2cac1760fc4d313e78de/cytoolz-1.0.1-cp312-cp312-musllinux_1_2_i686.whl", hash = "sha256:44a71870f7eae31d263d08b87da7c2bf1176f78892ed8bdade2c2850478cb126", size = 2010177 },
    { url = "https://files.pythonhosted.org/packages/87/57/615c630b3089a13adb15351d958d227430cf624f03b1dd39eb52c34c1f59/cytoolz-1.0.1-cp312-cp312-musllinux_1_2_ppc64le.whl", hash = "sha256:c8231b9abbd8e368e036f4cc2e16902c9482d4cf9e02a6147ed0e9a3cd4a9ab0", size = 2154321 },
    { url = "https://files.pythonhosted.org/packages/7f/0f/fe1aa2d931e3b35ecc05215bd75da945ea7346095b3b6f6027164e602d5a/cytoolz-1.0.1-cp312-cp312-musllinux_1_2_s390x.whl", hash = "sha256:aa87599ccc755de5a096a4d6c34984de6cd9dc928a0c5eaa7607457317aeaf9b", size = 2188374 },
    { url = "https://files.pythonhosted.org/packages/de/fa/fd363d97a641b6d0e2fd1d5c35b8fd41d9ccaeb4df56302f53bf23a58e3a/cytoolz-1.0.1-cp312-cp312-musllinux_1_2_x86_64.whl", hash = "sha256:67cd16537df51baabde3baa770ab7b8d16839c4d21219d5b96ac59fb012ebd2d", size = 2077911 },
    { url = "https://files.pythonhosted.org/packages/d9/68/0a22946b98ae5201b54ccb4e651295285c0fb79406022b6ee8b2f791940c/cytoolz-1.0.1-cp312-cp312-win32.whl", hash = "sha256:fb988c333f05ee30ad4693fe4da55d95ec0bb05775d2b60191236493ea2e01f9", size = 321903 },
    { url = "https://files.pythonhosted.org/packages/62/1a/f3903197956055032f8cb297342e2dff07e50f83991aebfe5b4c4fcb55e4/cytoolz-1.0.1-cp312-cp312-win_amd64.whl", hash = "sha256:8f89c48d8e5aec55ffd566a8ec858706d70ed0c6a50228eca30986bfa5b4da8b", size = 364490 },
    { url = "https://files.pythonhosted.org/packages/aa/2e/a9f069db0107749e9e72baf6c21abe3f006841a3bcfdc9b8420e22ef31eb/cytoolz-1.0.1-cp313-cp313-macosx_10_13_x86_64.whl", hash = "sha256:6944bb93b287032a4c5ca6879b69bcd07df46f3079cf8393958cf0b0454f50c0", size = 407365 },
    { url = "https://files.pythonhosted.org/packages/a9/9b/5e87dd0e31f54c778b4f9f34cc14c1162d3096c8d746b0f8be97d70dd73c/cytoolz-1.0.1-cp313-cp313-macosx_11_0_arm64.whl", hash = "sha256:e027260fd2fc5cb041277158ac294fc13dca640714527219f702fb459a59823a", size = 385233 },
    { url = "https://files.pythonhosted.org/packages/63/00/2fd32b16284cdb97cfe092822179bc0c3bcdd5e927dd39f986169a517642/cytoolz-1.0.1-cp313-cp313-manylinux_2_17_aarch64.manylinux2014_aarch64.whl", hash = "sha256:88662c0e07250d26f5af9bc95911e6137e124a5c1ec2ce4a5d74de96718ab242", size = 2062903 },
    { url = "https://files.pythonhosted.org/packages/85/39/b3cbb5a9847ba59584a263772ad4f8ca2dbfd2a0e11efd09211d1219804c/cytoolz-1.0.1-cp313-cp313-manylinux_2_17_ppc64le.manylinux2014_ppc64le.whl", hash = "sha256:309dffa78b0961b4c0cf55674b828fbbc793cf2d816277a5c8293c0c16155296", size = 2139517 },
    { url = "https://files.pythonhosted.org/packages/ea/39/bfcab4a46d50c467e36fe704f19d8904efead417787806ee210327f68390/cytoolz-1.0.1-cp313-cp313-manylinux_2_17_s390x.manylinux2014_s390x.whl", hash = "sha256:edb34246e6eb40343c5860fc51b24937698e4fa1ee415917a73ad772a9a1746b", size = 2154849 },
    { url = "https://files.pythonhosted.org/packages/fd/42/3bc6ee61b0aa47e1cb40819adc1a456d7efa809f0dea9faddacb43fdde8f/cytoolz-1.0.1-cp313-cp313-manylinux_2_17_x86_64.manylinux2014_x86_64.whl", hash = "sha256:0a54da7a8e4348a18d45d4d5bc84af6c716d7f131113a4f1cc45569d37edff1b", size = 2102302 },
    { url = "https://files.pythonhosted.org/packages/00/66/3f636c6ddea7b18026b90a8c238af472e423b86e427b11df02213689b012/cytoolz-1.0.1-cp313-cp313-manylinux_2_5_i686.manylinux1_i686.manylinux_2_17_i686.manylinux2014_i686.whl", hash = "sha256:241c679c3b1913c0f7259cf1d9639bed5084c86d0051641d537a0980548aa266", size = 1960872 },
    { url = "https://files.pythonhosted.org/packages/40/36/cb3b7cdd651007b69f9c48e9d104cec7cb8dc53afa1d6a720e5ad08022fa/cytoolz-1.0.1-cp313-cp313-musllinux_1_2_aarch64.whl", hash = "sha256:5bfc860251a8f280ac79696fc3343cfc3a7c30b94199e0240b6c9e5b6b01a2a5", size = 2014430 },
    { url = "https://files.pythonhosted.org/packages/88/3f/2e9bd2a16cfd269808922147551dcb2d8b68ba54a2c4deca2fa6a6cd0d5f/cytoolz-1.0.1-cp313-cp313-musllinux_1_2_i686.whl", hash = "sha256:c8edd1547014050c1bdad3ff85d25c82bd1c2a3c96830c6181521eb78b9a42b3", size = 2003127 },
    { url = "https://files.pythonhosted.org/packages/c4/7d/08604ff940aa784df8343c387fdf2489b948b714a6afb587775ae94da912/cytoolz-1.0.1-cp313-cp313-musllinux_1_2_ppc64le.whl", hash = "sha256:b349bf6162e8de215403d7f35f8a9b4b1853dc2a48e6e1a609a5b1a16868b296", size = 2142369 },
    { url = "https://files.pythonhosted.org/packages/d2/c6/39919a0645bdbdf720e97cae107f959ea9d1267fbc3b0d94fc6e1d12ac8f/cytoolz-1.0.1-cp313-cp313-musllinux_1_2_s390x.whl", hash = "sha256:1b18b35256219b6c3dd0fa037741b85d0bea39c552eab0775816e85a52834140", size = 2180427 },
    { url = "https://files.pythonhosted.org/packages/d8/03/dbb9d47556ee54337e7e0ac209d17ceff2d2a197c34de08005abc7a7449b/cytoolz-1.0.1-cp313-cp313-musllinux_1_2_x86_64.whl", hash = "sha256:738b2350f340ff8af883eb301054eb724997f795d20d90daec7911c389d61581", size = 2069785 },
    { url = "https://files.pythonhosted.org/packages/ea/f8/11bb7b8947002231faae3ec2342df5896afbc19eb783a332cce6d219ff79/cytoolz-1.0.1-cp313-cp313-win32.whl", hash = "sha256:9cbd9c103df54fcca42be55ef40e7baea624ac30ee0b8bf1149f21146d1078d9", size = 320685 },
    { url = "https://files.pythonhosted.org/packages/40/eb/dde173cf2357084ca9423950be1f2f11ab11d65d8bd30165bfb8fd4213e9/cytoolz-1.0.1-cp313-cp313-win_amd64.whl", hash = "sha256:90e577e08d3a4308186d9e1ec06876d4756b1e8164b92971c69739ea17e15297", size = 362898 },
]

[[package]]
name = "eth-hash"
version = "0.7.0"
source = { registry = "https://pypi.org/simple" }
sdist = { url = "https://files.pythonhosted.org/packages/c6/b6/57c89b91cf2dbb02b3019337f97bf346167d06cd23d3bde43c9fe52cae7e/eth-hash-0.7.0.tar.gz", hash = "sha256:bacdc705bfd85dadd055ecd35fd1b4f846b671add101427e089a4ca2e8db310a", size = 12463 }
wheels = [
    { url = "https://files.pythonhosted.org/packages/73/f0/a35e791bd73fa425838d8d0157754150ded141a94cf30d567dfeb9d57316/eth_hash-0.7.0-py3-none-any.whl", hash = "sha256:b8d5a230a2b251f4a291e3164a23a14057c4a6de4b0aa4a16fa4dc9161b57e2f", size = 8650 },
]

[[package]]
name = "eth-typing"
version = "5.0.1"
source = { registry = "https://pypi.org/simple" }
dependencies = [
    { name = "typing-extensions" },
]
sdist = { url = "https://files.pythonhosted.org/packages/33/32/d5a1bdf872f92a7c3361396b684aeba7abaabb341bd22a80029abcd1f68e/eth_typing-5.0.1.tar.gz", hash = "sha256:83debf88c9df286db43bb7374974681ebcc9f048fac81be2548dbc549a3203c0", size = 22716 }
wheels = [
    { url = "https://files.pythonhosted.org/packages/1a/ef/a66ff9b83df51b83c1af468fc7b5e4a3855d9e3c01e2365ecfe1c5e84077/eth_typing-5.0.1-py3-none-any.whl", hash = "sha256:f30d1af16aac598f216748a952eeb64fbcb6e73efa691d2de31148138afe96de", size = 20085 },
]

[[package]]
name = "eth-utils"
version = "5.1.0"
source = { registry = "https://pypi.org/simple" }
dependencies = [
    { name = "cytoolz", marker = "implementation_name == 'cpython'" },
    { name = "eth-hash" },
    { name = "eth-typing" },
    { name = "toolz", marker = "implementation_name == 'pypy'" },
]
sdist = { url = "https://files.pythonhosted.org/packages/cc/b2/d5180e5dd01c5f5c9178274c7e27c67579c67554045370d3b8e60b562ea8/eth_utils-5.1.0.tar.gz", hash = "sha256:84c6314b9cf1fcd526107464bbf487e3f87097a2e753360d5ed319f7d42e3f20", size = 120325 }
wheels = [
    { url = "https://files.pythonhosted.org/packages/7c/19/e8d3e0e53dea8fb3054892e536cd1e02ebf492eeb4c42901763c2ae67f44/eth_utils-5.1.0-py3-none-any.whl", hash = "sha256:a99f1f01b51206620904c5af47fac65abc143aebd0a76bdec860381c5a3230f8", size = 100513 },
]

[[package]]
name = "moccasin-project"
version = "0.1.0"
source = { virtual = "." }
dependencies = [
    { name = "eth-utils" },
]

[package.metadata]
requires-dist = [{ name = "eth-utils", specifier = ">=5.1.0" }]

[[package]]
name = "toolz"
version = "1.0.0"
source = { registry = "https://pypi.org/simple" }
sdist = { url = "https://files.pythonhosted.org/packages/8a/0b/d80dfa675bf592f636d1ea0b835eab4ec8df6e9415d8cfd766df54456123/toolz-1.0.0.tar.gz", hash = "sha256:2c86e3d9a04798ac556793bced838816296a2f085017664e4995cb40a1047a02", size = 66790 }
wheels = [
    { url = "https://files.pythonhosted.org/packages/03/98/eb27cc78ad3af8e302c9d8ff4977f5026676e130d28dd7578132a457170c/toolz-1.0.0-py3-none-any.whl", hash = "sha256:292c8f1c4e7516bf9086f8850935c799a874039c8bcf959d47b600e4c44a6236", size = 56383 },
]

[[package]]
name = "typing-extensions"
version = "4.12.2"
source = { registry = "https://pypi.org/simple" }
sdist = { url = "https://files.pythonhosted.org/packages/df/db/f35a00659bc03fec321ba8bce9420de607a1d37f8342eee1863174c69557/typing_extensions-4.12.2.tar.gz", hash = "sha256:1a7ead55c7e559dd4dee8856e3a88b41225abfe1ce8df57b7c13915fe121ffb8", size = 85321 }
wheels = [
    { url = "https://files.pythonhosted.org/packages/26/9f/ad63fc0248c5379346306f8668cda6e2e2e9c95e01216d2b8ffd9ff037d0/typing_extensions-4.12.2-py3-none-any.whl", hash = "sha256:04e5ca0351e0f3f85c6853954072df659d0d13fac324d0072316b67d7794700d", size = 37438 },
]
